{
  "name": "orderbook",
  "version": "1.0.0",
  "lockfileVersion": 3,
  "requires": true,
  "packages": {
    "": {
      "name": "orderbook",
      "version": "1.0.0",
      "license": "ISC",
      "dependencies": {
        "@aficion360/decimal": "^1.0.0"
      }
    },
    "node_modules/@aficion360/decimal": {
      "version": "1.0.0",
      "resolved": "https://registry.npmjs.org/@aficion360/decimal/-/decimal-1.0.0.tgz",
      "integrity": "sha512-quCxAda/WbS0TcBc+qQ1jczw+s5MmuqUcQTFPe5CrlCbBc+loCZo7vmX0NMOcr8Y+ZYyZ5gx8bINjWYJYx5orA=="
    }
  }
}
